github.com/gopact-ai/gopact v0.0.19 h1:dnLwwPhrqfA6buD88wz4HiNuaAqqUN4n2ZgIZzCjM08=
github.com/gopact-ai/gopact v0.0.19/go.mod h1:lozSDuCDxwNrJpJnIOUensxOeEG9roEemegbzjpb4YU=
github.com/gopact-ai/gopact-ext/agents/agenttool v0.1.6 h1:j5wP3d/wkQBnfX2Qb5Au4+juFxSd0EAT38i1CYfaJdY=
github.com/gopact-ai/gopact-ext/agents/agenttool v0.1.6/go.mod h1:op8TnLlXzvLZcUyO8lgrDadzJ7DAlUoQ4fHLGFvHvQE=
github.com/gopact-ai/gopact-ext/agents/planexec v0.2.6 h1:WnLaeIjhJ3P6Mxc2BGslKvD6ItEkQIfQdWyrwhdJ9Is=
github.com/gopact-ai/gopact-ext/agents/planexec v0.2.6/go.mod h1:VV4kPjWsrXsm3a1IwbebU7yyZFfRGnR51kC1W8eWZwA=
github.com/gopact-ai/gopact-ext/agents/react v0.2.6 h1:qp5ki8fCuyn3CpHfpM7k4BD9A2cHzx791gsMCllhYqk=
github.com/gopact-ai/gopact-ext/agents/react v0.2.6/go.mod h1:3oHc/M86KysNiSBMDfr4VG6tN+6gI3inacRF2rEjEaA=
github.com/gopact-ai/gopact-ext/models/agnes v0.1.6 h1:LQ/jGmhECL0IUBkRjBx0OhkO9aDmWNLxwvF3qmzQWRI=
github.com/gopact-ai/gopact-ext/models/agnes v0.1.6/go.mod h1:tUa89hrUd+gQFJ+em/EbxQGzU1n4T76ikjvfIsZ/qxI=
github.com/gopact-ai/gopact-ext/models/openai v0.5.8 h1:f1hb9axTgNATh8cKk36BN9+dX2PLxrmhUs3RrbcOZrA=
github.com/gopact-ai/gopact-ext/models/openai v0.5.8/go.mod h1:vdEvSwwMgiVmIZmvKKvdAeJcgSOpSqOEBxtcDcyoSEI=
