github.com/gopact-ai/gopact v0.0.37 h1:iAx998k36Tf8A5HqzE3ae8HaLPGv/i2cBXg+LvHEbJQ=
github.com/gopact-ai/gopact v0.0.37/go.mod h1:lozSDuCDxwNrJpJnIOUensxOeEG9roEemegbzjpb4YU=
github.com/gopact-ai/gopact-ext/agents/agenttool v0.1.16 h1:hu8fVTvX4oa8NwKFuRM8YMdrljl4n7n1mlZhvJNTlBE=
github.com/gopact-ai/gopact-ext/agents/agenttool v0.1.16/go.mod h1:UhlzCS7B7qoYzb3jATYNgquFryB+nZ/5Gfb9jEqIJ54=
github.com/gopact-ai/gopact-ext/agents/planexec v0.2.17 h1:olsAkvLgcZMUN45taAIOXob9GIF82T55QblK1wVjTB0=
github.com/gopact-ai/gopact-ext/agents/planexec v0.2.17/go.mod h1:qfuqVBscRRoDsr8wvjwC295+2Sov5KlcI0O0iQB0hNs=
github.com/gopact-ai/gopact-ext/agents/react v0.2.15 h1:uRxM/g6H/235rnThk3tpcufO4XFMyH/Akr4+M6Vnnuc=
github.com/gopact-ai/gopact-ext/agents/react v0.2.15/go.mod h1:ZdQthc9Fd67TooXmoPsT0sVnmakw2typbwODNo+IzSM=
github.com/gopact-ai/gopact-ext/models/agnes v0.1.18 h1:XizQ9IsYHHOPstqjla6/hg3f/+Z/qdm8ZLoE/APzrV8=
github.com/gopact-ai/gopact-ext/models/agnes v0.1.18/go.mod h1:qvx70jIkqqBj8yo0p7oyMmG6pgKZkZzlY9TOHUXqipQ=
github.com/gopact-ai/gopact-ext/models/openai v0.5.17 h1:EhG0wR/miWEOx/yPsYDdNP+aMx0Ff7hDJt4UbNmdAe8=
github.com/gopact-ai/gopact-ext/models/openai v0.5.17/go.mod h1:y+766VYvDTYddEpwoKOTLGfbVTF2v8qtPhwP4wZuNjo=
golang.org/x/mod v0.37.0 h1:vF1DjpVEshcIqoEaauuHebaLk1O1forxjxBaVn884JQ=
golang.org/x/mod v0.37.0/go.mod h1:m8S8VeM9r4dzDwjrKO0a1sZP3YjeMamRRlD+fmR2Q/0=
