github.com/gopact-ai/gopact v0.0.0-20260716101400-d2f2a74a3ced h1:TesPhUXUY4ZLEe0LL/FyRDp38YPsOibtsqoZB5HO0Ak=
github.com/gopact-ai/gopact v0.0.0-20260716101400-d2f2a74a3ced/go.mod h1:FYYgELmmpqePVEPIFWgusXNOKDi95O4zIBA8xSuWuVA=
github.com/gopact-ai/gopact-ext/models/openai v0.6.0-rc.2 h1:HuDBld8UvMQDQINCwpAjcjcCxUWhq2qYQV2e8Tnqs2g=
github.com/gopact-ai/gopact-ext/models/openai v0.6.0-rc.2/go.mod h1:jZqRW14/jqyE+mQRswr8TJzo+JpP4j2bMv+yfouUQqE=
