github.com/gopact-ai/gopact v0.0.2 h1:1wowfUjniMzTWDRiazG8iFEXBU2VABuXLP9FFLYKEzo=
github.com/gopact-ai/gopact v0.0.2/go.mod h1:lozSDuCDxwNrJpJnIOUensxOeEG9roEemegbzjpb4YU=
github.com/gopact-ai/gopact v0.0.3 h1:GG1mUtZekfAI+Z6d77bECwKiAS2TrYjndSHlPGm1aSM=
github.com/gopact-ai/gopact v0.0.3/go.mod h1:lozSDuCDxwNrJpJnIOUensxOeEG9roEemegbzjpb4YU=
